
Microsoft Visual Studio Solution File, Format Version 12.00
Project("{FAE04EC0-301F-11D3-BF4B-00C04F79EFBC}") = "Day1", "Day1\Day1.csproj", "{B1CD0CFD-AE00-4505-B68A-8B272F6AC231}"
EndProject
Project("{FAE04EC0-301F-11D3-BF4B-00C04F79EFBC}") = "Day2", "Day2\Day2.csproj", "{33E15390-B9B7-4796-B34B-DD3AFEC816D2}"
EndProject
Project("{FAE04EC0-301F-11D3-BF4B-00C04F79EFBC}") = "Day3", "Day3\Day3.csproj", "{D40CCE79-07F4-4ACD-A205-935F410298AE}"
EndProject
Project("{FAE04EC0-301F-11D3-BF4B-00C04F79EFBC}") = "Day4", "Day4\Day4.csproj", "{08001353-1BA2-43E9-8442-32157090EF59}"
EndProject
Project("{FAE04EC0-301F-11D3-BF4B-00C04F79EFBC}") = "Day5", "Day5\Day5.csproj", "{F3E74CD0-5E00-410F-A4AF-659716E68023}"
EndProject
Project("{FAE04EC0-301F-11D3-BF4B-00C04F79EFBC}") = "Day6", "Day6\Day6.csproj", "{3EB9F566-5CFC-4FBF-A17C-ADB1CE1605DD}"
EndProject
Project("{FAE04EC0-301F-11D3-BF4B-00C04F79EFBC}") = "Day7", "Day7\Day7.csproj", "{8A1D623C-5AD4-44E2-A2C9-D503ED81338E}"
EndProject
Project("{FAE04EC0-301F-11D3-BF4B-00C04F79EFBC}") = "Day8", "Day8\Day8.csproj", "{BB433FA2-9D8D-48EE-8336-425E76CD81E1}"
EndProject
Project("{FAE04EC0-301F-11D3-BF4B-00C04F79EFBC}") = "Day9", "Day9\Day9.csproj", "{4DA550A3-6DB5-4158-AD26-C9683017BF14}"
EndProject
Project("{FAE04EC0-301F-11D3-BF4B-00C04F79EFBC}") = "Day10", "Day10\Day10.csproj", "{E8EB6C9D-E57A-42D7-AA2B-F9AE10AABC09}"
EndProject
Project("{FAE04EC0-301F-11D3-BF4B-00C04F79EFBC}") = "Day11", "Day11\Day11.csproj", "{E4A3DDBE-75E0-492F-B469-BAE7044EE363}"
EndProject
Project("{FAE04EC0-301F-11D3-BF4B-00C04F79EFBC}") = "Day12", "Day12\Day12.csproj", "{EFB720E4-06E9-4606-B122-B7CDFBFBE15E}"
EndProject
Project("{FAE04EC0-301F-11D3-BF4B-00C04F79EFBC}") = "Day13", "Day13\Day13.csproj", "{CB96AE46-4AEB-4127-85B4-7C1E6A46F1C8}"
EndProject
Project("{FAE04EC0-301F-11D3-BF4B-00C04F79EFBC}") = "Day14", "Day14\Day14.csproj", "{01AE1915-E79B-43FD-9D33-275813113BB9}"
EndProject
Project("{FAE04EC0-301F-11D3-BF4B-00C04F79EFBC}") = "Day15", "Day15\Day15.csproj", "{4E824D3D-BB75-42F4-BE22-6521C26E0C40}"
EndProject
Project("{FAE04EC0-301F-11D3-BF4B-00C04F79EFBC}") = "Day16", "Day16\Day16.csproj", "{A5BC819D-50C4-4B58-8961-4C2BD5EE3167}"
EndProject
Project("{FAE04EC0-301F-11D3-BF4B-00C04F79EFBC}") = "Day17", "Day17\Day17.csproj", "{8B6C1155-3115-4AC4-A48D-1C3032877ECC}"
EndProject
Project("{FAE04EC0-301F-11D3-BF4B-00C04F79EFBC}") = "Day18", "Day18\Day18.csproj", "{A84E93FB-74BB-4BBF-91C1-E22623510D5A}"
EndProject
Project("{FAE04EC0-301F-11D3-BF4B-00C04F79EFBC}") = "Day19", "Day19\Day19.csproj", "{60853889-72A4-4BEC-95A2-7A3D322BEF39}"
EndProject
Project("{FAE04EC0-301F-11D3-BF4B-00C04F79EFBC}") = "Day20", "Day20\Day20.csproj", "{EE235ABB-7BDB-4164-BE28-3550C9B5CFC9}"
EndProject
Project("{FAE04EC0-301F-11D3-BF4B-00C04F79EFBC}") = "Day21", "Day21\Day21.csproj", "{97FDCDFC-1138-4D47-8F63-03A82E7C0996}"
EndProject
Project("{FAE04EC0-301F-11D3-BF4B-00C04F79EFBC}") = "Day22", "Day22\Day22.csproj", "{8E812F10-058E-4208-A7E8-521498693CCD}"
EndProject
Global
	GlobalSection(SolutionConfigurationPlatforms) = preSolution
		Debug|Any CPU = Debug|Any CPU
		Release|Any CPU = Release|Any CPU
	EndGlobalSection
	GlobalSection(ProjectConfigurationPlatforms) = postSolution
		{B1CD0CFD-AE00-4505-B68A-8B272F6AC231}.Debug|Any CPU.ActiveCfg = Debug|Any CPU
		{B1CD0CFD-AE00-4505-B68A-8B272F6AC231}.Debug|Any CPU.Build.0 = Debug|Any CPU
		{B1CD0CFD-AE00-4505-B68A-8B272F6AC231}.Release|Any CPU.ActiveCfg = Release|Any CPU
		{B1CD0CFD-AE00-4505-B68A-8B272F6AC231}.Release|Any CPU.Build.0 = Release|Any CPU
		{33E15390-B9B7-4796-B34B-DD3AFEC816D2}.Debug|Any CPU.ActiveCfg = Debug|Any CPU
		{33E15390-B9B7-4796-B34B-DD3AFEC816D2}.Debug|Any CPU.Build.0 = Debug|Any CPU
		{33E15390-B9B7-4796-B34B-DD3AFEC816D2}.Release|Any CPU.ActiveCfg = Release|Any CPU
		{33E15390-B9B7-4796-B34B-DD3AFEC816D2}.Release|Any CPU.Build.0 = Release|Any CPU
		{D40CCE79-07F4-4ACD-A205-935F410298AE}.Debug|Any CPU.ActiveCfg = Debug|Any CPU
		{D40CCE79-07F4-4ACD-A205-935F410298AE}.Debug|Any CPU.Build.0 = Debug|Any CPU
		{D40CCE79-07F4-4ACD-A205-935F410298AE}.Release|Any CPU.ActiveCfg = Release|Any CPU
		{D40CCE79-07F4-4ACD-A205-935F410298AE}.Release|Any CPU.Build.0 = Release|Any CPU
		{08001353-1BA2-43E9-8442-32157090EF59}.Debug|Any CPU.ActiveCfg = Debug|Any CPU
		{08001353-1BA2-43E9-8442-32157090EF59}.Debug|Any CPU.Build.0 = Debug|Any CPU
		{08001353-1BA2-43E9-8442-32157090EF59}.Release|Any CPU.ActiveCfg = Release|Any CPU
		{08001353-1BA2-43E9-8442-32157090EF59}.Release|Any CPU.Build.0 = Release|Any CPU
		{F3E74CD0-5E00-410F-A4AF-659716E68023}.Debug|Any CPU.ActiveCfg = Debug|Any CPU
		{F3E74CD0-5E00-410F-A4AF-659716E68023}.Debug|Any CPU.Build.0 = Debug|Any CPU
		{F3E74CD0-5E00-410F-A4AF-659716E68023}.Release|Any CPU.ActiveCfg = Release|Any CPU
		{F3E74CD0-5E00-410F-A4AF-659716E68023}.Release|Any CPU.Build.0 = Release|Any CPU
		{3EB9F566-5CFC-4FBF-A17C-ADB1CE1605DD}.Debug|Any CPU.ActiveCfg = Debug|Any CPU
		{3EB9F566-5CFC-4FBF-A17C-ADB1CE1605DD}.Debug|Any CPU.Build.0 = Debug|Any CPU
		{3EB9F566-5CFC-4FBF-A17C-ADB1CE1605DD}.Release|Any CPU.ActiveCfg = Release|Any CPU
		{3EB9F566-5CFC-4FBF-A17C-ADB1CE1605DD}.Release|Any CPU.Build.0 = Release|Any CPU
		{8A1D623C-5AD4-44E2-A2C9-D503ED81338E}.Debug|Any CPU.ActiveCfg = Debug|Any CPU
		{8A1D623C-5AD4-44E2-A2C9-D503ED81338E}.Debug|Any CPU.Build.0 = Debug|Any CPU
		{8A1D623C-5AD4-44E2-A2C9-D503ED81338E}.Release|Any CPU.ActiveCfg = Release|Any CPU
		{8A1D623C-5AD4-44E2-A2C9-D503ED81338E}.Release|Any CPU.Build.0 = Release|Any CPU
		{BB433FA2-9D8D-48EE-8336-425E76CD81E1}.Debug|Any CPU.ActiveCfg = Debug|Any CPU
		{BB433FA2-9D8D-48EE-8336-425E76CD81E1}.Debug|Any CPU.Build.0 = Debug|Any CPU
		{BB433FA2-9D8D-48EE-8336-425E76CD81E1}.Release|Any CPU.ActiveCfg = Release|Any CPU
		{BB433FA2-9D8D-48EE-8336-425E76CD81E1}.Release|Any CPU.Build.0 = Release|Any CPU
		{4DA550A3-6DB5-4158-AD26-C9683017BF14}.Debug|Any CPU.ActiveCfg = Debug|Any CPU
		{4DA550A3-6DB5-4158-AD26-C9683017BF14}.Debug|Any CPU.Build.0 = Debug|Any CPU
		{4DA550A3-6DB5-4158-AD26-C9683017BF14}.Release|Any CPU.ActiveCfg = Release|Any CPU
		{4DA550A3-6DB5-4158-AD26-C9683017BF14}.Release|Any CPU.Build.0 = Release|Any CPU
		{E8EB6C9D-E57A-42D7-AA2B-F9AE10AABC09}.Debug|Any CPU.ActiveCfg = Debug|Any CPU
		{E8EB6C9D-E57A-42D7-AA2B-F9AE10AABC09}.Debug|Any CPU.Build.0 = Debug|Any CPU
		{E8EB6C9D-E57A-42D7-AA2B-F9AE10AABC09}.Release|Any CPU.ActiveCfg = Release|Any CPU
		{E8EB6C9D-E57A-42D7-AA2B-F9AE10AABC09}.Release|Any CPU.Build.0 = Release|Any CPU
		{E4A3DDBE-75E0-492F-B469-BAE7044EE363}.Debug|Any CPU.ActiveCfg = Debug|Any CPU
		{E4A3DDBE-75E0-492F-B469-BAE7044EE363}.Debug|Any CPU.Build.0 = Debug|Any CPU
		{E4A3DDBE-75E0-492F-B469-BAE7044EE363}.Release|Any CPU.ActiveCfg = Release|Any CPU
		{E4A3DDBE-75E0-492F-B469-BAE7044EE363}.Release|Any CPU.Build.0 = Release|Any CPU
		{EFB720E4-06E9-4606-B122-B7CDFBFBE15E}.Debug|Any CPU.ActiveCfg = Debug|Any CPU
		{EFB720E4-06E9-4606-B122-B7CDFBFBE15E}.Debug|Any CPU.Build.0 = Debug|Any CPU
		{EFB720E4-06E9-4606-B122-B7CDFBFBE15E}.Release|Any CPU.ActiveCfg = Release|Any CPU
		{EFB720E4-06E9-4606-B122-B7CDFBFBE15E}.Release|Any CPU.Build.0 = Release|Any CPU
		{CB96AE46-4AEB-4127-85B4-7C1E6A46F1C8}.Debug|Any CPU.ActiveCfg = Debug|Any CPU
		{CB96AE46-4AEB-4127-85B4-7C1E6A46F1C8}.Debug|Any CPU.Build.0 = Debug|Any CPU
		{CB96AE46-4AEB-4127-85B4-7C1E6A46F1C8}.Release|Any CPU.ActiveCfg = Release|Any CPU
		{CB96AE46-4AEB-4127-85B4-7C1E6A46F1C8}.Release|Any CPU.Build.0 = Release|Any CPU
		{01AE1915-E79B-43FD-9D33-275813113BB9}.Debug|Any CPU.ActiveCfg = Debug|Any CPU
		{01AE1915-E79B-43FD-9D33-275813113BB9}.Debug|Any CPU.Build.0 = Debug|Any CPU
		{01AE1915-E79B-43FD-9D33-275813113BB9}.Release|Any CPU.ActiveCfg = Release|Any CPU
		{01AE1915-E79B-43FD-9D33-275813113BB9}.Release|Any CPU.Build.0 = Release|Any CPU
		{4E824D3D-BB75-42F4-BE22-6521C26E0C40}.Debug|Any CPU.ActiveCfg = Debug|Any CPU
		{4E824D3D-BB75-42F4-BE22-6521C26E0C40}.Debug|Any CPU.Build.0 = Debug|Any CPU
		{4E824D3D-BB75-42F4-BE22-6521C26E0C40}.Release|Any CPU.ActiveCfg = Release|Any CPU
		{4E824D3D-BB75-42F4-BE22-6521C26E0C40}.Release|Any CPU.Build.0 = Release|Any CPU
		{A5BC819D-50C4-4B58-8961-4C2BD5EE3167}.Debug|Any CPU.ActiveCfg = Debug|Any CPU
		{A5BC819D-50C4-4B58-8961-4C2BD5EE3167}.Debug|Any CPU.Build.0 = Debug|Any CPU
		{A5BC819D-50C4-4B58-8961-4C2BD5EE3167}.Release|Any CPU.ActiveCfg = Release|Any CPU
		{A5BC819D-50C4-4B58-8961-4C2BD5EE3167}.Release|Any CPU.Build.0 = Release|Any CPU
		{8B6C1155-3115-4AC4-A48D-1C3032877ECC}.Debug|Any CPU.ActiveCfg = Debug|Any CPU
		{8B6C1155-3115-4AC4-A48D-1C3032877ECC}.Debug|Any CPU.Build.0 = Debug|Any CPU
		{8B6C1155-3115-4AC4-A48D-1C3032877ECC}.Release|Any CPU.ActiveCfg = Release|Any CPU
		{8B6C1155-3115-4AC4-A48D-1C3032877ECC}.Release|Any CPU.Build.0 = Release|Any CPU
		{A84E93FB-74BB-4BBF-91C1-E22623510D5A}.Debug|Any CPU.ActiveCfg = Debug|Any CPU
		{A84E93FB-74BB-4BBF-91C1-E22623510D5A}.Debug|Any CPU.Build.0 = Debug|Any CPU
		{A84E93FB-74BB-4BBF-91C1-E22623510D5A}.Release|Any CPU.ActiveCfg = Release|Any CPU
		{A84E93FB-74BB-4BBF-91C1-E22623510D5A}.Release|Any CPU.Build.0 = Release|Any CPU
		{60853889-72A4-4BEC-95A2-7A3D322BEF39}.Debug|Any CPU.ActiveCfg = Debug|Any CPU
		{60853889-72A4-4BEC-95A2-7A3D322BEF39}.Debug|Any CPU.Build.0 = Debug|Any CPU
		{60853889-72A4-4BEC-95A2-7A3D322BEF39}.Release|Any CPU.ActiveCfg = Release|Any CPU
		{60853889-72A4-4BEC-95A2-7A3D322BEF39}.Release|Any CPU.Build.0 = Release|Any CPU
		{EE235ABB-7BDB-4164-BE28-3550C9B5CFC9}.Debug|Any CPU.ActiveCfg = Debug|Any CPU
		{EE235ABB-7BDB-4164-BE28-3550C9B5CFC9}.Debug|Any CPU.Build.0 = Debug|Any CPU
		{EE235ABB-7BDB-4164-BE28-3550C9B5CFC9}.Release|Any CPU.ActiveCfg = Release|Any CPU
		{EE235ABB-7BDB-4164-BE28-3550C9B5CFC9}.Release|Any CPU.Build.0 = Release|Any CPU
		{97FDCDFC-1138-4D47-8F63-03A82E7C0996}.Debug|Any CPU.ActiveCfg = Debug|Any CPU
		{97FDCDFC-1138-4D47-8F63-03A82E7C0996}.Debug|Any CPU.Build.0 = Debug|Any CPU
		{97FDCDFC-1138-4D47-8F63-03A82E7C0996}.Release|Any CPU.ActiveCfg = Release|Any CPU
		{97FDCDFC-1138-4D47-8F63-03A82E7C0996}.Release|Any CPU.Build.0 = Release|Any CPU
		{8E812F10-058E-4208-A7E8-521498693CCD}.Debug|Any CPU.ActiveCfg = Debug|Any CPU
		{8E812F10-058E-4208-A7E8-521498693CCD}.Debug|Any CPU.Build.0 = Debug|Any CPU
		{8E812F10-058E-4208-A7E8-521498693CCD}.Release|Any CPU.ActiveCfg = Release|Any CPU
		{8E812F10-058E-4208-A7E8-521498693CCD}.Release|Any CPU.Build.0 = Release|Any CPU
	EndGlobalSection
EndGlobal
